
Microsoft Visual Studio Solution File, Format Version 12.00
Project("{FAE04EC0-301F-11D3-BF4B-00C04F79EFBC}") = "LibraryAPI", "LibraryAPI\LibraryAPI.csproj", "{9CF317FB-8A16-432D-87B4-889EC7880ECD}"
EndProject
Project("{2150E333-8FDC-42A3-9474-1A3956D46DE8}") = "Hosts", "Hosts", "{D27A2E16-CD42-4474-8708-6A91FCA4F442}"
EndProject
Project("{2150E333-8FDC-42A3-9474-1A3956D46DE8}") = "Infrastructure", "Infrastructure", "{BD477327-88C7-4E55-984D-769111093C0D}"
EndProject
Project("{FAE04EC0-301F-11D3-BF4B-00C04F79EFBC}") = "ComponentRegistrar", "ComponentRegistrar\ComponentRegistrar.csproj", "{17E96E6E-07EC-43A0-A788-AD6D3F46ECDF}"
EndProject
Project("{FAE04EC0-301F-11D3-BF4B-00C04F79EFBC}") = "DataAccess", "DataAccess\DataAccess.csproj", "{81A701F9-B5B7-4772-B999-26579C065DF4}"
EndProject
Project("{FAE04EC0-301F-11D3-BF4B-00C04F79EFBC}") = "Infrastructure", "Infrastructure\Infrastructure\Infrastructure.csproj", "{3E6CE7CC-4890-4F27-914F-27F5655CF177}"
EndProject
Project("{FAE04EC0-301F-11D3-BF4B-00C04F79EFBC}") = "AppServices", "AppServices\AppServices.csproj", "{B6084295-2B9A-4316-BEF3-102194328AE6}"
EndProject
Project("{FAE04EC0-301F-11D3-BF4B-00C04F79EFBC}") = "Contracts", "Contracts\Contracts.csproj", "{83A46376-95E5-43C9-B702-75DC21DA035C}"
EndProject
Project("{FAE04EC0-301F-11D3-BF4B-00C04F79EFBC}") = "Domain", "Domain\Domain.csproj", "{BB2238CA-A9FC-4E4B-A2DD-1DCCAD416829}"
EndProject
Project("{FAE04EC0-301F-11D3-BF4B-00C04F79EFBC}") = "Handlers", "Handlers\Handlers.csproj", "{77865AFA-B512-45C5-A8E6-C7F48500A752}"
EndProject
Global
	GlobalSection(SolutionConfigurationPlatforms) = preSolution
		Debug|Any CPU = Debug|Any CPU
		Release|Any CPU = Release|Any CPU
	EndGlobalSection
	GlobalSection(ProjectConfigurationPlatforms) = postSolution
		{9CF317FB-8A16-432D-87B4-889EC7880ECD}.Debug|Any CPU.ActiveCfg = Debug|Any CPU
		{9CF317FB-8A16-432D-87B4-889EC7880ECD}.Debug|Any CPU.Build.0 = Debug|Any CPU
		{9CF317FB-8A16-432D-87B4-889EC7880ECD}.Release|Any CPU.ActiveCfg = Release|Any CPU
		{9CF317FB-8A16-432D-87B4-889EC7880ECD}.Release|Any CPU.Build.0 = Release|Any CPU
		{17E96E6E-07EC-43A0-A788-AD6D3F46ECDF}.Debug|Any CPU.ActiveCfg = Debug|Any CPU
		{17E96E6E-07EC-43A0-A788-AD6D3F46ECDF}.Debug|Any CPU.Build.0 = Debug|Any CPU
		{17E96E6E-07EC-43A0-A788-AD6D3F46ECDF}.Release|Any CPU.ActiveCfg = Release|Any CPU
		{17E96E6E-07EC-43A0-A788-AD6D3F46ECDF}.Release|Any CPU.Build.0 = Release|Any CPU
		{81A701F9-B5B7-4772-B999-26579C065DF4}.Debug|Any CPU.ActiveCfg = Debug|Any CPU
		{81A701F9-B5B7-4772-B999-26579C065DF4}.Debug|Any CPU.Build.0 = Debug|Any CPU
		{81A701F9-B5B7-4772-B999-26579C065DF4}.Release|Any CPU.ActiveCfg = Release|Any CPU
		{81A701F9-B5B7-4772-B999-26579C065DF4}.Release|Any CPU.Build.0 = Release|Any CPU
		{3E6CE7CC-4890-4F27-914F-27F5655CF177}.Debug|Any CPU.ActiveCfg = Debug|Any CPU
		{3E6CE7CC-4890-4F27-914F-27F5655CF177}.Debug|Any CPU.Build.0 = Debug|Any CPU
		{3E6CE7CC-4890-4F27-914F-27F5655CF177}.Release|Any CPU.ActiveCfg = Release|Any CPU
		{3E6CE7CC-4890-4F27-914F-27F5655CF177}.Release|Any CPU.Build.0 = Release|Any CPU
		{B6084295-2B9A-4316-BEF3-102194328AE6}.Debug|Any CPU.ActiveCfg = Debug|Any CPU
		{B6084295-2B9A-4316-BEF3-102194328AE6}.Debug|Any CPU.Build.0 = Debug|Any CPU
		{B6084295-2B9A-4316-BEF3-102194328AE6}.Release|Any CPU.ActiveCfg = Release|Any CPU
		{B6084295-2B9A-4316-BEF3-102194328AE6}.Release|Any CPU.Build.0 = Release|Any CPU
		{83A46376-95E5-43C9-B702-75DC21DA035C}.Debug|Any CPU.ActiveCfg = Debug|Any CPU
		{83A46376-95E5-43C9-B702-75DC21DA035C}.Debug|Any CPU.Build.0 = Debug|Any CPU
		{83A46376-95E5-43C9-B702-75DC21DA035C}.Release|Any CPU.ActiveCfg = Release|Any CPU
		{83A46376-95E5-43C9-B702-75DC21DA035C}.Release|Any CPU.Build.0 = Release|Any CPU
		{BB2238CA-A9FC-4E4B-A2DD-1DCCAD416829}.Debug|Any CPU.ActiveCfg = Debug|Any CPU
		{BB2238CA-A9FC-4E4B-A2DD-1DCCAD416829}.Debug|Any CPU.Build.0 = Debug|Any CPU
		{BB2238CA-A9FC-4E4B-A2DD-1DCCAD416829}.Release|Any CPU.ActiveCfg = Release|Any CPU
		{BB2238CA-A9FC-4E4B-A2DD-1DCCAD416829}.Release|Any CPU.Build.0 = Release|Any CPU
		{77865AFA-B512-45C5-A8E6-C7F48500A752}.Debug|Any CPU.ActiveCfg = Debug|Any CPU
		{77865AFA-B512-45C5-A8E6-C7F48500A752}.Debug|Any CPU.Build.0 = Debug|Any CPU
		{77865AFA-B512-45C5-A8E6-C7F48500A752}.Release|Any CPU.ActiveCfg = Release|Any CPU
		{77865AFA-B512-45C5-A8E6-C7F48500A752}.Release|Any CPU.Build.0 = Release|Any CPU
	EndGlobalSection
	GlobalSection(NestedProjects) = preSolution
		{9CF317FB-8A16-432D-87B4-889EC7880ECD} = {D27A2E16-CD42-4474-8708-6A91FCA4F442}
		{17E96E6E-07EC-43A0-A788-AD6D3F46ECDF} = {BD477327-88C7-4E55-984D-769111093C0D}
		{81A701F9-B5B7-4772-B999-26579C065DF4} = {BD477327-88C7-4E55-984D-769111093C0D}
		{3E6CE7CC-4890-4F27-914F-27F5655CF177} = {BD477327-88C7-4E55-984D-769111093C0D}
	EndGlobalSection
EndGlobal
